
Microsoft Visual Studio Solution File, Format Version 12.00
# Visual Studio Version 17
VisualStudioVersion = 17.8.34330.188
MinimumVisualStudioVersion = 10.0.40219.1
Project("{FAE04EC0-301F-11D3-BF4B-00C04F79EFBC}") = "Number_Analyzer_lab", "Number_Analyzer_lab\Number_Analyzer_lab.csproj", "{2B7DF266-B185-4B9B-BD56-A5424DA36FEE}"
EndProject
Global
	GlobalSection(SolutionConfigurationPlatforms) = preSolution
		Debug|Any CPU = Debug|Any CPU
		Release|Any CPU = Release|Any CPU
	EndGlobalSection
	GlobalSection(ProjectConfigurationPlatforms) = postSolution
		{2B7DF266-B185-4B9B-BD56-A5424DA36FEE}.Debug|Any CPU.ActiveCfg = Debug|Any CPU
		{2B7DF266-B185-4B9B-BD56-A5424DA36FEE}.Debug|Any CPU.Build.0 = Debug|Any CPU
		{2B7DF266-B185-4B9B-BD56-A5424DA36FEE}.Release|Any CPU.ActiveCfg = Release|Any CPU
		{2B7DF266-B185-4B9B-BD56-A5424DA36FEE}.Release|Any CPU.Build.0 = Release|Any CPU
	EndGlobalSection
	GlobalSection(SolutionProperties) = preSolution
		HideSolutionNode = FALSE
	EndGlobalSection
	GlobalSection(ExtensibilityGlobals) = postSolution
		SolutionGuid = {FF923311-87CD-4694-9064-FD588820E7BB}
	EndGlobalSection
EndGlobal
